
Microsoft Visual Studio Solution File, Format Version 12.00
# Visual Studio Version 17
VisualStudioVersion = 17.9.34723.18
MinimumVisualStudioVersion = 10.0.40219.1
Project("{FAE04EC0-301F-11D3-BF4B-00C04F79EFBC}") = "GUI", "ADO.NET-ModernCinemaApplication\GUI.csproj", "{D8887B3A-2E70-454C-8C04-CB61665A2BC4}"
EndProject
Project("{FAE04EC0-301F-11D3-BF4B-00C04F79EFBC}") = "Backend", "Backend\Backend.csproj", "{829CF310-3968-44F6-BA35-A9F050E18B44}"
EndProject
Global
	GlobalSection(SolutionConfigurationPlatforms) = preSolution
		Debug|Any CPU = Debug|Any CPU
		Release|Any CPU = Release|Any CPU
	EndGlobalSection
	GlobalSection(ProjectConfigurationPlatforms) = postSolution
		{D8887B3A-2E70-454C-8C04-CB61665A2BC4}.Debug|Any CPU.ActiveCfg = Debug|Any CPU
		{D8887B3A-2E70-454C-8C04-CB61665A2BC4}.Debug|Any CPU.Build.0 = Debug|Any CPU
		{D8887B3A-2E70-454C-8C04-CB61665A2BC4}.Release|Any CPU.ActiveCfg = Release|Any CPU
		{D8887B3A-2E70-454C-8C04-CB61665A2BC4}.Release|Any CPU.Build.0 = Release|Any CPU
		{829CF310-3968-44F6-BA35-A9F050E18B44}.Debug|Any CPU.ActiveCfg = Debug|Any CPU
		{829CF310-3968-44F6-BA35-A9F050E18B44}.Debug|Any CPU.Build.0 = Debug|Any CPU
		{829CF310-3968-44F6-BA35-A9F050E18B44}.Release|Any CPU.ActiveCfg = Release|Any CPU
		{829CF310-3968-44F6-BA35-A9F050E18B44}.Release|Any CPU.Build.0 = Release|Any CPU
	EndGlobalSection
	GlobalSection(SolutionProperties) = preSolution
		HideSolutionNode = FALSE
	EndGlobalSection
	GlobalSection(ExtensibilityGlobals) = postSolution
		SolutionGuid = {6B798112-DFDC-46E6-83B7-8BC0AA197777}
	EndGlobalSection
EndGlobal
